
Microsoft Visual Studio Solution File, Format Version 12.00
# Visual Studio Version 17
VisualStudioVersion = 17.10.35013.160
MinimumVisualStudioVersion = 10.0.40219.1
Project("{9A19103F-16F7-4668-BE54-9A1E7A4F7556}") = "SteamStatusApp", "App\SteamStatusApp.csproj", "{E2FDE856-14E7-4D19-B578-0FE6C413DCA5}"
EndProject
Global
	GlobalSection(SolutionConfigurationPlatforms) = preSolution
		Debug|Any CPU = Debug|Any CPU
		Release|Any CPU = Release|Any CPU
	EndGlobalSection
	GlobalSection(ProjectConfigurationPlatforms) = postSolution
		{E2FDE856-14E7-4D19-B578-0FE6C413DCA5}.Debug|Any CPU.ActiveCfg = Debug|Any CPU
		{E2FDE856-14E7-4D19-B578-0FE6C413DCA5}.Debug|Any CPU.Build.0 = Debug|Any CPU
		{E2FDE856-14E7-4D19-B578-0FE6C413DCA5}.Release|Any CPU.ActiveCfg = Release|Any CPU
		{E2FDE856-14E7-4D19-B578-0FE6C413DCA5}.Release|Any CPU.Build.0 = Release|Any CPU
	EndGlobalSection
	GlobalSection(SolutionProperties) = preSolution
		HideSolutionNode = FALSE
	EndGlobalSection
	GlobalSection(ExtensibilityGlobals) = postSolution
		SolutionGuid = {1ACD2B88-D1B7-4E78-8958-961CD74CA070}
	EndGlobalSection
EndGlobal
